<?xml version="1.0" encoding="utf-8"?>
<Project ToolsVersion="4.0" xmlns="http://schemas.microsoft.com/developer/msbuild/2003">
  <ItemGroup>
    <Filter Include="Source Files">
      <UniqueIdentifier>{4FC737F1-C7A5-4376-A066-2A32D752A2FF}</UniqueIdentifier>
      <Extensions>cpp;c;cc;cxx;def;odl;idl;hpj;bat;asm;asmx</Extensions>
    </Filter>
    <Filter Include="Header Files">
      <UniqueIdentifier>{93995380-89BD-4b04-88EB-625FBE52EBFB}</UniqueIdentifier>
      <Extensions>h;hpp;hxx;hm;inl;inc;xsd</Extensions>
    </Filter>
    <Filter Include="Resource Files">
      <UniqueIdentifier>{67DA6AB6-F800-4c08-8B7A-83BB121AAD01}</UniqueIdentifier>
      <Extensions>rc;ico;cur;bmp;dlg;rc2;rct;bin;rgs;gif;jpg;jpeg;jpe;resx;tiff;tif;png;wav;mfcribbon-ms</Extensions>
    </Filter>
  </ItemGroup>
  <ItemGroup>
    <ClInclude Include="OperatorConsole.h">
      <Filter>Header Files</Filter>
    </ClInclude>
    <ClInclude Include="OperatorConsoleDlg.h">
      <Filter>Header Files</Filter>
    </ClInclude>
    <ClInclude Include="stdafx.h">
      <Filter>Header Files</Filter>
    </ClInclude>
    <ClInclude Include="targetver.h">
      <Filter>Header Files</Filter>
    </ClInclude>
    <ClInclude Include="Resource.h">
      <Filter>Header Files</Filter>
    </ClInclude>
    <ClInclude Include="Config.h">
      <Filter>Header Files</Filter>
    </ClInclude>
    <ClInclude Include="ImageAcquisition.h">
      <Filter>Header Files</Filter>
    </ClInclude>
    <ClInclude Include="FileAcquisition.h">
      <Filter>Header Files</Filter>
    </ClInclude>
    <ClInclude Include="ImageTest.h">
      <Filter>Header Files</Filter>
    </ClInclude>
    <ClInclude Include="BlemishTest.h">
      <Filter>Header Files</Filter>
    </ClInclude>
    <ClInclude Include="JSON\internalJSONNode.h">
      <Filter>Header Files</Filter>
    </ClInclude>
    <ClInclude Include="JSON\JSON_Base64.h">
      <Filter>Header Files</Filter>
    </ClInclude>
    <ClInclude Include="JSON\JSONAllocator.h">
      <Filter>Header Files</Filter>
    </ClInclude>
    <ClInclude Include="JSON\JSONChildren.h">
      <Filter>Header Files</Filter>
    </ClInclude>
    <ClInclude Include="JSON\JSONDebug.h">
      <Filter>Header Files</Filter>
    </ClInclude>
    <ClInclude Include="JSON\JSONDefs.h">
      <Filter>Header Files</Filter>
    </ClInclude>
    <ClInclude Include="JSON\JSONGlobals.h">
      <Filter>Header Files</Filter>
    </ClInclude>
    <ClInclude Include="JSON\JSONMemory.h">
      <Filter>Header Files</Filter>
    </ClInclude>
    <ClInclude Include="JSON\JSONMemoryPool.h">
      <Filter>Header Files</Filter>
    </ClInclude>
    <ClInclude Include="JSON\JSONNode.h">
      <Filter>Header Files</Filter>
    </ClInclude>
    <ClInclude Include="JSON\JSONPreparse.h">
      <Filter>Header Files</Filter>
    </ClInclude>
    <ClInclude Include="JSON\JSONSharedString.h">
      <Filter>Header Files</Filter>
    </ClInclude>
    <ClInclude Include="JSON\JSONSingleton.h">
      <Filter>Header Files</Filter>
    </ClInclude>
    <ClInclude Include="JSON\JSONStream.h">
      <Filter>Header Files</Filter>
    </ClInclude>
    <ClInclude Include="JSON\JSONValidator.h">
      <Filter>Header Files</Filter>
    </ClInclude>
    <ClInclude Include="JSON\JSONWorker.h">
      <Filter>Header Files</Filter>
    </ClInclude>
    <ClInclude Include="JSON\NumberToString.h">
      <Filter>Header Files</Filter>
    </ClInclude>
    <ClInclude Include="JSON\JSONDefs\GNU_C.h">
      <Filter>Header Files</Filter>
    </ClInclude>
    <ClInclude Include="JSON\JSONDefs\Strings_Defs.h">
      <Filter>Header Files</Filter>
    </ClInclude>
    <ClInclude Include="JSON\JSONDefs\Unknown_C.h">
      <Filter>Header Files</Filter>
    </ClInclude>
    <ClInclude Include="JSON\JSONDefs\Visual_C.h">
      <Filter>Header Files</Filter>
    </ClInclude>
    <ClInclude Include="jsonhelpers.h">
      <Filter>Header Files</Filter>
    </ClInclude>
    <ClInclude Include="JSONOptions.h">
      <Filter>Header Files</Filter>
    </ClInclude>
    <ClInclude Include="libjson.h">
      <Filter>Header Files</Filter>
    </ClInclude>
    <ClInclude Include="ThreadControl.h">
      <Filter>Header Files</Filter>
    </ClInclude>
    <ClInclude Include="SFRPlusTest.h">
      <Filter>Header Files</Filter>
    </ClInclude>
    <ClInclude Include="Timer.h">
      <Filter>Header Files</Filter>
    </ClInclude>
    <ClInclude Include="Timestamp.h">
      <Filter>Header Files</Filter>
    </ClInclude>
    <ClInclude Include="qso.h">
      <Filter>Header Files</Filter>
    </ClInclude>
    <ClInclude Include="TextDlg.h">
      <Filter>Header Files</Filter>
    </ClInclude>
    <ClInclude Include="ModelessDialogThread.h">
      <Filter>Header Files</Filter>
    </ClInclude>
    <ClInclude Include="CriticalCString.h">
      <Filter>Header Files</Filter>
    </ClInclude>
    <ClInclude Include="StdoutRedirect.h">
      <Filter>Header Files</Filter>
    </ClInclude>
    <ClInclude Include="StdoutThread.h">
      <Filter>Header Files</Filter>
    </ClInclude>
    <ClInclude Include="StderrRedirect.h">
      <Filter>Header Files</Filter>
    </ClInclude>
    <ClInclude Include="StderrThread.h">
      <Filter>Header Files</Filter>
    </ClInclude>
    <ClInclude Include="AppThread.h">
      <Filter>Header Files</Filter>
    </ClInclude>
    <ClInclude Include="SimpleDirectShowAcq.h">
      <Filter>Header Files</Filter>
    </ClInclude>
    <ClInclude Include="StaticBmp.h">
      <Filter>Header Files</Filter>
    </ClInclude>
    <ClInclude Include="CriticalBuf.h">
      <Filter>Header Files</Filter>
    </ClInclude>
    <ClInclude Include="ResizeDlg.h">
      <Filter>Header Files</Filter>
    </ClInclude>
    <ClInclude Include="FileAcq.h">
      <Filter>Header Files</Filter>
    </ClInclude>
    <ClInclude Include="ImatestLibAcq.h">
      <Filter>Header Files</Filter>
    </ClInclude>
    <ClInclude Include="Setup.h">
      <Filter>Header Files</Filter>
    </ClInclude>
    <ClInclude Include="setup_settings.h">
      <Filter>Header Files</Filter>
    </ClInclude>
    <ClInclude Include="PassFail.h">
      <Filter>Header Files</Filter>
    </ClInclude>
    <ClInclude Include="PassFailSettings.h">
      <Filter>Header Files</Filter>
    </ClInclude>
    <ClInclude Include="PasswordDialog.h">
      <Filter>Header Files</Filter>
    </ClInclude>
    <ClInclude Include="imatest_library.h">
      <Filter>Header Files</Filter>
    </ClInclude>
    <ClInclude Include="ImatestSourceIDs.h">
      <Filter>Header Files</Filter>
    </ClInclude>
    <ClInclude Include="escapi30\escapi.h">
      <Filter>Header Files</Filter>
    </ClInclude>
    <ClInclude Include="AcquisitionDeviceInfo.h">
      <Filter>Header Files</Filter>
    </ClInclude>
  </ItemGroup>
  <ItemGroup>
    <ClCompile Include="OperatorConsole.cpp">
      <Filter>Source Files</Filter>
    </ClCompile>
    <ClCompile Include="OperatorConsoleDlg.cpp">
      <Filter>Source Files</Filter>
    </ClCompile>
    <ClCompile Include="Config.cpp">
      <Filter>Source Files</Filter>
    </ClCompile>
    <ClCompile Include="ImageAcquisition.cpp">
      <Filter>Source Files</Filter>
    </ClCompile>
    <ClCompile Include="FileAcquisition.cpp">
      <Filter>Source Files</Filter>
    </ClCompile>
    <ClCompile Include="ImageTest.cpp">
      <Filter>Source Files</Filter>
    </ClCompile>
    <ClCompile Include="BlemishTest.cpp">
      <Filter>Source Files</Filter>
    </ClCompile>
    <ClCompile Include="JSON\internalJSONNode.cpp">
      <Filter>Source Files</Filter>
    </ClCompile>
    <ClCompile Include="JSON\JSON_Base64.cpp">
      <Filter>Source Files</Filter>
    </ClCompile>
    <ClCompile Include="JSON\JSONAllocator.cpp">
      <Filter>Source Files</Filter>
    </ClCompile>
    <ClCompile Include="JSON\JSONChildren.cpp">
      <Filter>Source Files</Filter>
    </ClCompile>
    <ClCompile Include="JSON\JSONDebug.cpp">
      <Filter>Source Files</Filter>
    </ClCompile>
    <ClCompile Include="JSON\JSONIterators.cpp">
      <Filter>Source Files</Filter>
    </ClCompile>
    <ClCompile Include="JSON\JSONMemory.cpp">
      <Filter>Source Files</Filter>
    </ClCompile>
    <ClCompile Include="JSON\JSONNode.cpp">
      <Filter>Source Files</Filter>
    </ClCompile>
    <ClCompile Include="JSON\JSONNode_Mutex.cpp">
      <Filter>Source Files</Filter>
    </ClCompile>
    <ClCompile Include="JSON\JSONPreparse.cpp">
      <Filter>Source Files</Filter>
    </ClCompile>
    <ClCompile Include="JSON\JSONStream.cpp">
      <Filter>Source Files</Filter>
    </ClCompile>
    <ClCompile Include="JSON\JSONValidator.cpp">
      <Filter>Source Files</Filter>
    </ClCompile>
    <ClCompile Include="JSON\JSONWorker.cpp">
      <Filter>Source Files</Filter>
    </ClCompile>
    <ClCompile Include="JSON\JSONWriter.cpp">
      <Filter>Source Files</Filter>
    </ClCompile>
    <ClCompile Include="JSON\libjson.cpp">
      <Filter>Source Files</Filter>
    </ClCompile>
    <ClCompile Include="jsonhelpers.cpp">
      <Filter>Source Files</Filter>
    </ClCompile>
    <ClCompile Include="ThreadControl.cpp">
      <Filter>Source Files</Filter>
    </ClCompile>
    <ClCompile Include="SFRPlusTest.cpp">
      <Filter>Source Files</Filter>
    </ClCompile>
    <ClCompile Include="Timer.cpp">
      <Filter>Source Files</Filter>
    </ClCompile>
    <ClCompile Include="Timestamp.cpp">
      <Filter>Source Files</Filter>
    </ClCompile>
    <ClCompile Include="TextDlg.cpp">
      <Filter>Source Files</Filter>
    </ClCompile>
    <ClCompile Include="ModelessDialogThread.cpp">
      <Filter>Source Files</Filter>
    </ClCompile>
    <ClCompile Include="CriticalCString.cpp">
      <Filter>Source Files</Filter>
    </ClCompile>
    <ClCompile Include="StdoutRedirect.cpp">
      <Filter>Source Files</Filter>
    </ClCompile>
    <ClCompile Include="StdoutThread.cpp">
      <Filter>Source Files</Filter>
    </ClCompile>
    <ClCompile Include="StderrRedirect.cpp">
      <Filter>Source Files</Filter>
    </ClCompile>
    <ClCompile Include="StderrThread.cpp">
      <Filter>Source Files</Filter>
    </ClCompile>
    <ClCompile Include="SimpleDirectShowAcq.cpp">
      <Filter>Source Files</Filter>
    </ClCompile>
    <ClCompile Include="StaticBmp.cpp">
      <Filter>Source Files</Filter>
    </ClCompile>
    <ClCompile Include="CriticalBuf.cpp">
      <Filter>Source Files</Filter>
    </ClCompile>
    <ClCompile Include="ResizeDlg.cpp">
      <Filter>Source Files</Filter>
    </ClCompile>
    <ClCompile Include="FileAcq.cpp">
      <Filter>Source Files</Filter>
    </ClCompile>
    <ClCompile Include="ImatestLibAcq.cpp">
      <Filter>Source Files</Filter>
    </ClCompile>
    <ClCompile Include="Setup.cpp">
      <Filter>Source Files</Filter>
    </ClCompile>
    <ClCompile Include="PassFail.cpp">
      <Filter>Source Files</Filter>
    </ClCompile>
    <ClCompile Include="PassFailSettings.cpp">
      <Filter>Source Files</Filter>
    </ClCompile>
    <ClCompile Include="PasswordDialog.cpp">
      <Filter>Source Files</Filter>
    </ClCompile>
    <ClCompile Include="escapi30\escapi.cpp">
      <Filter>Source Files</Filter>
    </ClCompile>
    <ClCompile Include="logger\logger.cpp">
      <Filter>Source Files</Filter>
    </ClCompile>
    <ClCompile Include="AcquisitionDeviceInfo.cpp">
      <Filter>Source Files</Filter>
    </ClCompile>
  </ItemGroup>
  <ItemGroup>
    <ResourceCompile Include="OperatorConsole.rc">
      <Filter>Resource Files</Filter>
    </ResourceCompile>
  </ItemGroup>
  <ItemGroup>
    <Image Include="res\OperatorConsole.ico">
      <Filter>Resource Files</Filter>
    </Image>
  </ItemGroup>
  <ItemGroup>
    <Library Include="imatest_library.lib">
      <Filter>Header Files</Filter>
    </Library>
  </ItemGroup>
  <ItemGroup>
    <Text Include="Readme.txt" />
    <Text Include="Readme_Compiled.txt" />
  </ItemGroup>
</Project>